// !$*UTF8*$!
{
	archiveVersion = 1;
	classes = {
	};
	objectVersion = 45;
	objects = {

/* Begin PBXBuildFile section */
		001A62421612817700BE1BC0 /* battle_hymn_of_the_republic.mp3 in Resources */ = {isa = PBXBuildFile; fileRef = 001A62411612817700BE1BC0 /* battle_hymn_of_the_republic.mp3 */; };
		001B7AEF12DE82A400103665 /* AudioToolbox.framework in Frameworks */ = {isa = PBXBuildFile; fileRef = 001B7AEE12DE82A400103665 /* AudioToolbox.framework */; };
		001B7AF112DE82A400103665 /* OpenAL.framework in Frameworks */ = {isa = PBXBuildFile; fileRef = 001B7AF012DE82A400103665 /* OpenAL.framework */; };
		001B7AF712DE850000103665 /* laser1.wav in Resources */ = {isa = PBXBuildFile; fileRef = 001B7AF612DE850000103665 /* laser1.wav */; };
		00F56D9F12DE81EE00EB60EA /* ALmixer.c in Sources */ = {isa = PBXBuildFile; fileRef = 00F56D8A12DE81EE00EB60EA /* ALmixer.c */; };
		00F56DA012DE81EE00EB60EA /* CircularQueue.c in Sources */ = {isa = PBXBuildFile; fileRef = 00F56D8C12DE81EE00EB60EA /* CircularQueue.c */; };
		00F56DA112DE81EE00EB60EA /* ALmixer_RWops.c in Sources */ = {isa = PBXBuildFile; fileRef = 00F56D8F12DE81EE00EB60EA /* ALmixer_RWops.c */; };
		00F56DA212DE81EE00EB60EA /* coreaudio.c in Sources */ = {isa = PBXBuildFile; fileRef = 00F56D9112DE81EE00EB60EA /* coreaudio.c */; };
		00F56DA312DE81EE00EB60EA /* SDL_sound_minimal.c in Sources */ = {isa = PBXBuildFile; fileRef = 00F56D9312DE81EE00EB60EA /* SDL_sound_minimal.c */; };
		00F56DA412DE81EE00EB60EA /* SimpleMutex.c in Sources */ = {isa = PBXBuildFile; fileRef = 00F56D9412DE81EE00EB60EA /* SimpleMutex.c */; };
		00F56DA512DE81EE00EB60EA /* SimpleThreadPosix.c in Sources */ = {isa = PBXBuildFile; fileRef = 00F56D9712DE81EE00EB60EA /* SimpleThreadPosix.c */; };
		00F56DA612DE81EE00EB60EA /* SoundDecoder.c in Sources */ = {isa = PBXBuildFile; fileRef = 00F56D9812DE81EE00EB60EA /* SoundDecoder.c */; };
		00F56DA712DE81EE00EB60EA /* tErrorLib.c in Sources */ = {isa = PBXBuildFile; fileRef = 00F56D9B12DE81EE00EB60EA /* tErrorLib.c */; };
		00F56DA812DE81EE00EB60EA /* LinkedList.c in Sources */ = {isa = PBXBuildFile; fileRef = 00F56D9D12DE81EE00EB60EA /* LinkedList.c */; };
		1D3623260D0F684500981E51 /* OpenALStopStartAppDelegate.m in Sources */ = {isa = PBXBuildFile; fileRef = 1D3623250D0F684500981E51 /* OpenALStopStartAppDelegate.m */; };
		1D60589B0D05DD56006BFB54 /* main.m in Sources */ = {isa = PBXBuildFile; fileRef = 29B97316FDCFA39411CA2CEA /* main.m */; };
		1D60589F0D05DD5A006BFB54 /* Foundation.framework in Frameworks */ = {isa = PBXBuildFile; fileRef = 1D30AB110D05D00D00671497 /* Foundation.framework */; };
		1DF5F4E00D08C38300B7A737 /* UIKit.framework in Frameworks */ = {isa = PBXBuildFile; fileRef = 1DF5F4DF0D08C38300B7A737 /* UIKit.framework */; };
		2514C27B10084DCA00A42282 /* Shader.fsh in Resources */ = {isa = PBXBuildFile; fileRef = 2514C27910084DCA00A42282 /* Shader.fsh */; };
		2514C27C10084DCA00A42282 /* Shader.vsh in Resources */ = {isa = PBXBuildFile; fileRef = 2514C27A10084DCA00A42282 /* Shader.vsh */; };
		28AD733F0D9D9553002E5188 /* MainWindow.xib in Resources */ = {isa = PBXBuildFile; fileRef = 28AD733E0D9D9553002E5188 /* MainWindow.xib */; };
		28EC4C5911D54ECE0027AA9F /* OpenALStopStartViewController.m in Sources */ = {isa = PBXBuildFile; fileRef = 28EC4C5711D54ECE0027AA9F /* OpenALStopStartViewController.m */; };
		28EC4C5A11D54ECE0027AA9F /* OpenALStopStartViewController.xib in Resources */ = {isa = PBXBuildFile; fileRef = 28EC4C5811D54ECE0027AA9F /* OpenALStopStartViewController.xib */; };
		28FD14FE0DC6FC130079059D /* EAGLView.m in Sources */ = {isa = PBXBuildFile; fileRef = 28FD14FD0DC6FC130079059D /* EAGLView.m */; };
		28FD15000DC6FC520079059D /* OpenGLES.framework in Frameworks */ = {isa = PBXBuildFile; fileRef = 28FD14FF0DC6FC520079059D /* OpenGLES.framework */; };
		28FD15080DC6FC5B0079059D /* QuartzCore.framework in Frameworks */ = {isa = PBXBuildFile; fileRef = 28FD15070DC6FC5B0079059D /* QuartzCore.framework */; };
/* End PBXBuildFile section */

/* Begin PBXFileReference section */
		001A62411612817700BE1BC0 /* battle_hymn_of_the_republic.mp3 */ = {isa = PBXFileReference; lastKnownFileType = audio.mp3; path = battle_hymn_of_the_republic.mp3; sourceTree = "<group>"; };
		001B7AEE12DE82A400103665 /* AudioToolbox.framework */ = {isa = PBXFileReference; lastKnownFileType = wrapper.framework; name = AudioToolbox.framework; path = System/Library/Frameworks/AudioToolbox.framework; sourceTree = SDKROOT; };
		001B7AF012DE82A400103665 /* OpenAL.framework */ = {isa = PBXFileReference; lastKnownFileType = wrapper.framework; name = OpenAL.framework; path = System/Library/Frameworks/OpenAL.framework; sourceTree = SDKROOT; };
		001B7AF612DE850000103665 /* laser1.wav */ = {isa = PBXFileReference; lastKnownFileType = audio.wav; path = laser1.wav; sourceTree = "<group>"; };
		00F56D8A12DE81EE00EB60EA /* ALmixer.c */ = {isa = PBXFileReference; fileEncoding = 4; lastKnownFileType = sourcecode.c.c; path = ALmixer.c; sourceTree = "<group>"; };
		00F56D8B12DE81EE00EB60EA /* ALmixer.h */ = {isa = PBXFileReference; fileEncoding = 4; lastKnownFileType = sourcecode.c.h; path = ALmixer.h; sourceTree = "<group>"; };
		00F56D8C12DE81EE00EB60EA /* CircularQueue.c */ = {isa = PBXFileReference; fileEncoding = 4; lastKnownFileType = sourcecode.c.c; path = CircularQueue.c; sourceTree = "<group>"; };
		00F56D8D12DE81EE00EB60EA /* CircularQueue.h */ = {isa = PBXFileReference; fileEncoding = 4; lastKnownFileType = sourcecode.c.h; path = CircularQueue.h; sourceTree = "<group>"; };
		00F56D8F12DE81EE00EB60EA /* ALmixer_RWops.c */ = {isa = PBXFileReference; fileEncoding = 4; lastKnownFileType = sourcecode.c.c; path = ALmixer_RWops.c; sourceTree = "<group>"; };
		00F56D9012DE81EE00EB60EA /* ALmixer_RWops.h */ = {isa = PBXFileReference; fileEncoding = 4; lastKnownFileType = sourcecode.c.h; path = ALmixer_RWops.h; sourceTree = "<group>"; };
		00F56D9112DE81EE00EB60EA /* coreaudio.c */ = {isa = PBXFileReference; fileEncoding = 4; lastKnownFileType = sourcecode.c.c; path = coreaudio.c; sourceTree = "<group>"; };
		00F56D9212DE81EE00EB60EA /* SDL_endian_minimal.h */ = {isa = PBXFileReference; fileEncoding = 4; lastKnownFileType = sourcecode.c.h; path = SDL_endian_minimal.h; sourceTree = "<group>"; };
		00F56D9312DE81EE00EB60EA /* SDL_sound_minimal.c */ = {isa = PBXFileReference; fileEncoding = 4; lastKnownFileType = sourcecode.c.c; path = SDL_sound_minimal.c; sourceTree = "<group>"; };
		00F56D9412DE81EE00EB60EA /* SimpleMutex.c */ = {isa = PBXFileReference; fileEncoding = 4; lastKnownFileType = sourcecode.c.c; path = SimpleMutex.c; sourceTree = "<group>"; };
		00F56D9512DE81EE00EB60EA /* SimpleMutex.h */ = {isa = PBXFileReference; fileEncoding = 4; lastKnownFileType = sourcecode.c.h; path = SimpleMutex.h; sourceTree = "<group>"; };
		00F56D9612DE81EE00EB60EA /* SimpleThread.h */ = {isa = PBXFileReference; fileEncoding = 4; lastKnownFileType = sourcecode.c.h; path = SimpleThread.h; sourceTree = "<group>"; };
		00F56D9712DE81EE00EB60EA /* SimpleThreadPosix.c */ = {isa = PBXFileReference; fileEncoding = 4; lastKnownFileType = sourcecode.c.c; path = SimpleThreadPosix.c; sourceTree = "<group>"; };
		00F56D9812DE81EE00EB60EA /* SoundDecoder.c */ = {isa = PBXFileReference; fileEncoding = 4; lastKnownFileType = sourcecode.c.c; path = SoundDecoder.c; sourceTree = "<group>"; };
		00F56D9912DE81EE00EB60EA /* SoundDecoder.h */ = {isa = PBXFileReference; fileEncoding = 4; lastKnownFileType = sourcecode.c.h; path = SoundDecoder.h; sourceTree = "<group>"; };
		00F56D9A12DE81EE00EB60EA /* SoundDecoder_Internal.h */ = {isa = PBXFileReference; fileEncoding = 4; lastKnownFileType = sourcecode.c.h; path = SoundDecoder_Internal.h; sourceTree = "<group>"; };
		00F56D9B12DE81EE00EB60EA /* tErrorLib.c */ = {isa = PBXFileReference; fileEncoding = 4; lastKnownFileType = sourcecode.c.c; path = tErrorLib.c; sourceTree = "<group>"; };
		00F56D9C12DE81EE00EB60EA /* tErrorLib.h */ = {isa = PBXFileReference; fileEncoding = 4; lastKnownFileType = sourcecode.c.h; path = tErrorLib.h; sourceTree = "<group>"; };
		00F56D9D12DE81EE00EB60EA /* LinkedList.c */ = {isa = PBXFileReference; fileEncoding = 4; lastKnownFileType = sourcecode.c.c; path = LinkedList.c; sourceTree = "<group>"; };
		00F56D9E12DE81EE00EB60EA /* LinkedList.h */ = {isa = PBXFileReference; fileEncoding = 4; lastKnownFileType = sourcecode.c.h; path = LinkedList.h; sourceTree = "<group>"; };
		1D30AB110D05D00D00671497 /* Foundation.framework */ = {isa = PBXFileReference; lastKnownFileType = wrapper.framework; name = Foundation.framework; path = System/Library/Frameworks/Foundation.framework; sourceTree = SDKROOT; };
		1D3623240D0F684500981E51 /* OpenALStopStartAppDelegate.h */ = {isa = PBXFileReference; fileEncoding = 4; lastKnownFileType = sourcecode.c.h; path = OpenALStopStartAppDelegate.h; sourceTree = "<group>"; };
		1D3623250D0F684500981E51 /* OpenALStopStartAppDelegate.m */ = {isa = PBXFileReference; fileEncoding = 4; lastKnownFileType = sourcecode.c.objc; path = OpenALStopStartAppDelegate.m; sourceTree = "<group>"; };
		1D6058910D05DD3D006BFB54 /* OpenALStopStart.app */ = {isa = PBXFileReference; explicitFileType = wrapper.application; includeInIndex = 0; path = OpenALStopStart.app; sourceTree = BUILT_PRODUCTS_DIR; };
		1DF5F4DF0D08C38300B7A737 /* UIKit.framework */ = {isa = PBXFileReference; lastKnownFileType = wrapper.framework; name = UIKit.framework; path = System/Library/Frameworks/UIKit.framework; sourceTree = SDKROOT; };
		2514C27910084DCA00A42282 /* Shader.fsh */ = {isa = PBXFileReference; fileEncoding = 4; lastKnownFileType = sourcecode.glsl; name = Shader.fsh; path = Shaders/Shader.fsh; sourceTree = "<group>"; };
		2514C27A10084DCA00A42282 /* Shader.vsh */ = {isa = PBXFileReference; fileEncoding = 4; lastKnownFileType = sourcecode.glsl; name = Shader.vsh; path = Shaders/Shader.vsh; sourceTree = "<group>"; };
		28AD733E0D9D9553002E5188 /* MainWindow.xib */ = {isa = PBXFileReference; lastKnownFileType = file.xib; path = MainWindow.xib; sourceTree = "<group>"; };
		28EC4C5611D54ECE0027AA9F /* OpenALStopStartViewController.h */ = {isa = PBXFileReference; fileEncoding = 4; lastKnownFileType = sourcecode.c.h; path = OpenALStopStartViewController.h; sourceTree = "<group>"; };
		28EC4C5711D54ECE0027AA9F /* OpenALStopStartViewController.m */ = {isa = PBXFileReference; fileEncoding = 4; lastKnownFileType = sourcecode.c.objc; path = OpenALStopStartViewController.m; sourceTree = "<group>"; };
		28EC4C5811D54ECE0027AA9F /* OpenALStopStartViewController.xib */ = {isa = PBXFileReference; lastKnownFileType = file.xib; path = OpenALStopStartViewController.xib; sourceTree = "<group>"; };
		28FD14FC0DC6FC130079059D /* EAGLView.h */ = {isa = PBXFileReference; fileEncoding = 4; lastKnownFileType = sourcecode.c.h; path = EAGLView.h; sourceTree = "<group>"; };
		28FD14FD0DC6FC130079059D /* EAGLView.m */ = {isa = PBXFileReference; fileEncoding = 4; lastKnownFileType = sourcecode.c.objc; path = EAGLView.m; sourceTree = "<group>"; };
		28FD14FF0DC6FC520079059D /* OpenGLES.framework */ = {isa = PBXFileReference; lastKnownFileType = wrapper.framework; name = OpenGLES.framework; path = System/Library/Frameworks/OpenGLES.framework; sourceTree = SDKROOT; };
		28FD15070DC6FC5B0079059D /* QuartzCore.framework */ = {isa = PBXFileReference; lastKnownFileType = wrapper.framework; name = QuartzCore.framework; path = System/Library/Frameworks/QuartzCore.framework; sourceTree = SDKROOT; };
		29B97316FDCFA39411CA2CEA /* main.m */ = {isa = PBXFileReference; fileEncoding = 4; lastKnownFileType = sourcecode.c.objc; path = main.m; sourceTree = "<group>"; };
		32CA4F630368D1EE00C91783 /* OpenALStopStart_Prefix.pch */ = {isa = PBXFileReference; fileEncoding = 4; lastKnownFileType = sourcecode.c.h; path = OpenALStopStart_Prefix.pch; sourceTree = "<group>"; };
		8D1107310486CEB800E47090 /* OpenALStopStart-Info.plist */ = {isa = PBXFileReference; fileEncoding = 4; lastKnownFileType = text.plist.xml; path = "OpenALStopStart-Info.plist"; plistStructureDefinitionIdentifier = "com.apple.xcode.plist.structure-definition.iphone.info-plist"; sourceTree = "<group>"; };
/* End PBXFileReference section */

/* Begin PBXFrameworksBuildPhase section */
		1D60588F0D05DD3D006BFB54 /* Frameworks */ = {
			isa = PBXFrameworksBuildPhase;
			buildActionMask = 2147483647;
			files = (
				1D60589F0D05DD5A006BFB54 /* Foundation.framework in Frameworks */,
				1DF5F4E00D08C38300B7A737 /* UIKit.framework in Frameworks */,
				28FD15000DC6FC520079059D /* OpenGLES.framework in Frameworks */,
				28FD15080DC6FC5B0079059D /* QuartzCore.framework in Frameworks */,
				001B7AEF12DE82A400103665 /* AudioToolbox.framework in Frameworks */,
				001B7AF112DE82A400103665 /* OpenAL.framework in Frameworks */,
			);
			runOnlyForDeploymentPostprocessing = 0;
		};
/* End PBXFrameworksBuildPhase section */

/* Begin PBXGroup section */
		00F56D8912DE81EE00EB60EA /* ALmixer */ = {
			isa = PBXGroup;
			children = (
				00F56D8A12DE81EE00EB60EA /* ALmixer.c */,
				00F56D8B12DE81EE00EB60EA /* ALmixer.h */,
				00F56D8C12DE81EE00EB60EA /* CircularQueue.c */,
				00F56D8D12DE81EE00EB60EA /* CircularQueue.h */,
				00F56D8E12DE81EE00EB60EA /* Isolated */,
				00F56D9D12DE81EE00EB60EA /* LinkedList.c */,
				00F56D9E12DE81EE00EB60EA /* LinkedList.h */,
			);
			path = ALmixer;
			sourceTree = "<group>";
		};
		00F56D8E12DE81EE00EB60EA /* Isolated */ = {
			isa = PBXGroup;
			children = (
				00F56D8F12DE81EE00EB60EA /* ALmixer_RWops.c */,
				00F56D9012DE81EE00EB60EA /* ALmixer_RWops.h */,
				00F56D9112DE81EE00EB60EA /* coreaudio.c */,
				00F56D9212DE81EE00EB60EA /* SDL_endian_minimal.h */,
				00F56D9312DE81EE00EB60EA /* SDL_sound_minimal.c */,
				00F56D9412DE81EE00EB60EA /* SimpleMutex.c */,
				00F56D9512DE81EE00EB60EA /* SimpleMutex.h */,
				00F56D9612DE81EE00EB60EA /* SimpleThread.h */,
				00F56D9712DE81EE00EB60EA /* SimpleThreadPosix.c */,
				00F56D9812DE81EE00EB60EA /* SoundDecoder.c */,
				00F56D9912DE81EE00EB60EA /* SoundDecoder.h */,
				00F56D9A12DE81EE00EB60EA /* SoundDecoder_Internal.h */,
				00F56D9B12DE81EE00EB60EA /* tErrorLib.c */,
				00F56D9C12DE81EE00EB60EA /* tErrorLib.h */,
			);
			path = Isolated;
			sourceTree = "<group>";
		};
		080E96DDFE201D6D7F000001 /* Classes */ = {
			isa = PBXGroup;
			children = (
				28FD14FC0DC6FC130079059D /* EAGLView.h */,
				28FD14FD0DC6FC130079059D /* EAGLView.m */,
				1D3623240D0F684500981E51 /* OpenALStopStartAppDelegate.h */,
				1D3623250D0F684500981E51 /* OpenALStopStartAppDelegate.m */,
				28EC4C5611D54ECE0027AA9F /* OpenALStopStartViewController.h */,
				28EC4C5711D54ECE0027AA9F /* OpenALStopStartViewController.m */,
			);
			path = Classes;
			sourceTree = "<group>";
		};
		19C28FACFE9D520D11CA2CBB /* Products */ = {
			isa = PBXGroup;
			children = (
				1D6058910D05DD3D006BFB54 /* OpenALStopStart.app */,
			);
			name = Products;
			sourceTree = "<group>";
		};
		2514C27610084DB600A42282 /* Shaders */ = {
			isa = PBXGroup;
			children = (
				2514C27910084DCA00A42282 /* Shader.fsh */,
				2514C27A10084DCA00A42282 /* Shader.vsh */,
			);
			name = Shaders;
			sourceTree = "<group>";
		};
		29B97314FDCFA39411CA2CEA /* CustomTemplate */ = {
			isa = PBXGroup;
			children = (
				00F56D8912DE81EE00EB60EA /* ALmixer */,
				080E96DDFE201D6D7F000001 /* Classes */,
				2514C27610084DB600A42282 /* Shaders */,
				29B97315FDCFA39411CA2CEA /* Other Sources */,
				29B97317FDCFA39411CA2CEA /* Resources */,
				29B97323FDCFA39411CA2CEA /* Frameworks */,
				19C28FACFE9D520D11CA2CBB /* Products */,
			);
			name = CustomTemplate;
			sourceTree = "<group>";
		};
		29B97315FDCFA39411CA2CEA /* Other Sources */ = {
			isa = PBXGroup;
			children = (
				32CA4F630368D1EE00C91783 /* OpenALStopStart_Prefix.pch */,
				29B97316FDCFA39411CA2CEA /* main.m */,
			);
			name = "Other Sources";
			sourceTree = "<group>";
		};
		29B97317FDCFA39411CA2CEA /* Resources */ = {
			isa = PBXGroup;
			children = (
				001B7AF612DE850000103665 /* laser1.wav */,
				001A62411612817700BE1BC0 /* battle_hymn_of_the_republic.mp3 */,
				28EC4C5811D54ECE0027AA9F /* OpenALStopStartViewController.xib */,
				28AD733E0D9D9553002E5188 /* MainWindow.xib */,
				8D1107310486CEB800E47090 /* OpenALStopStart-Info.plist */,
			);
			name = Resources;
			sourceTree = "<group>";
		};
		29B97323FDCFA39411CA2CEA /* Frameworks */ = {
			isa = PBXGroup;
			children = (
				28FD15070DC6FC5B0079059D /* QuartzCore.framework */,
				28FD14FF0DC6FC520079059D /* OpenGLES.framework */,
				1DF5F4DF0D08C38300B7A737 /* UIKit.framework */,
				1D30AB110D05D00D00671497 /* Foundation.framework */,
				001B7AEE12DE82A400103665 /* AudioToolbox.framework */,
				001B7AF012DE82A400103665 /* OpenAL.framework */,
			);
			name = Frameworks;
			sourceTree = "<group>";
		};
/* End PBXGroup section */

/* Begin PBXNativeTarget section */
		1D6058900D05DD3D006BFB54 /* OpenALStopStart */ = {
			isa = PBXNativeTarget;
			buildConfigurationList = 1D6058960D05DD3E006BFB54 /* Build configuration list for PBXNativeTarget "OpenALStopStart" */;
			buildPhases = (
				1D60588D0D05DD3D006BFB54 /* Resources */,
				1D60588E0D05DD3D006BFB54 /* Sources */,
				1D60588F0D05DD3D006BFB54 /* Frameworks */,
			);
			buildRules = (
			);
			dependencies = (
			);
			name = OpenALStopStart;
			productName = OpenALStopStart;
			productReference = 1D6058910D05DD3D006BFB54 /* OpenALStopStart.app */;
			productType = "com.apple.product-type.application";
		};
/* End PBXNativeTarget section */

/* Begin PBXProject section */
		29B97313FDCFA39411CA2CEA /* Project object */ = {
			isa = PBXProject;
			buildConfigurationList = C01FCF4E08A954540054247B /* Build configuration list for PBXProject "OpenALStopStart" */;
			compatibilityVersion = "Xcode 3.1";
			developmentRegion = English;
			hasScannedForEncodings = 1;
			knownRegions = (
				English,
				Japanese,
				French,
				German,
			);
			mainGroup = 29B97314FDCFA39411CA2CEA /* CustomTemplate */;
			projectDirPath = "";
			projectRoot = "";
			targets = (
				1D6058900D05DD3D006BFB54 /* OpenALStopStart */,
			);
		};
/* End PBXProject section */

/* Begin PBXResourcesBuildPhase section */
		1D60588D0D05DD3D006BFB54 /* Resources */ = {
			isa = PBXResourcesBuildPhase;
			buildActionMask = 2147483647;
			files = (
				2514C27B10084DCA00A42282 /* Shader.fsh in Resources */,
				2514C27C10084DCA00A42282 /* Shader.vsh in Resources */,
				28AD733F0D9D9553002E5188 /* MainWindow.xib in Resources */,
				28EC4C5A11D54ECE0027AA9F /* OpenALStopStartViewController.xib in Resources */,
				001B7AF712DE850000103665 /* laser1.wav in Resources */,
				001A62421612817700BE1BC0 /* battle_hymn_of_the_republic.mp3 in Resources */,
			);
			runOnlyForDeploymentPostprocessing = 0;
		};
/* End PBXResourcesBuildPhase section */

/* Begin PBXSourcesBuildPhase section */
		1D60588E0D05DD3D006BFB54 /* Sources */ = {
			isa = PBXSourcesBuildPhase;
			buildActionMask = 2147483647;
			files = (
				1D60589B0D05DD56006BFB54 /* main.m in Sources */,
				1D3623260D0F684500981E51 /* OpenALStopStartAppDelegate.m in Sources */,
				28FD14FE0DC6FC130079059D /* EAGLView.m in Sources */,
				28EC4C5911D54ECE0027AA9F /* OpenALStopStartViewController.m in Sources */,
				00F56D9F12DE81EE00EB60EA /* ALmixer.c in Sources */,
				00F56DA012DE81EE00EB60EA /* CircularQueue.c in Sources */,
				00F56DA112DE81EE00EB60EA /* ALmixer_RWops.c in Sources */,
				00F56DA212DE81EE00EB60EA /* coreaudio.c in Sources */,
				00F56DA312DE81EE00EB60EA /* SDL_sound_minimal.c in Sources */,
				00F56DA412DE81EE00EB60EA /* SimpleMutex.c in Sources */,
				00F56DA512DE81EE00EB60EA /* SimpleThreadPosix.c in Sources */,
				00F56DA612DE81EE00EB60EA /* SoundDecoder.c in Sources */,
				00F56DA712DE81EE00EB60EA /* tErrorLib.c in Sources */,
				00F56DA812DE81EE00EB60EA /* LinkedList.c in Sources */,
			);
			runOnlyForDeploymentPostprocessing = 0;
		};
/* End PBXSourcesBuildPhase section */

/* Begin XCBuildConfiguration section */
		1D6058940D05DD3E006BFB54 /* Debug */ = {
			isa = XCBuildConfiguration;
			buildSettings = {
				ALWAYS_SEARCH_USER_PATHS = NO;
				COPY_PHASE_STRIP = NO;
				GCC_DYNAMIC_NO_PIC = NO;
				GCC_OPTIMIZATION_LEVEL = 0;
				GCC_PRECOMPILE_PREFIX_HEADER = YES;
				GCC_PREFIX_HEADER = OpenALStopStart_Prefix.pch;
				"GCC_THUMB_SUPPORT[arch=armv6]" = "";
				INFOPLIST_FILE = "OpenALStopStart-Info.plist";
				IPHONEOS_DEPLOYMENT_TARGET = 6.0;
				PRODUCT_NAME = OpenALStopStart;
				TARGETED_DEVICE_FAMILY = "1,2";
			};
			name = Debug;
		};
		1D6058950D05DD3E006BFB54 /* Release */ = {
			isa = XCBuildConfiguration;
			buildSettings = {
				ALWAYS_SEARCH_USER_PATHS = NO;
				COPY_PHASE_STRIP = YES;
				GCC_PRECOMPILE_PREFIX_HEADER = YES;
				GCC_PREFIX_HEADER = OpenALStopStart_Prefix.pch;
				"GCC_THUMB_SUPPORT[arch=armv6]" = "";
				INFOPLIST_FILE = "OpenALStopStart-Info.plist";
				IPHONEOS_DEPLOYMENT_TARGET = 6.0;
				PRODUCT_NAME = OpenALStopStart;
				TARGETED_DEVICE_FAMILY = "1,2";
				VALIDATE_PRODUCT = YES;
			};
			name = Release;
		};
		C01FCF4F08A954540054247B /* Debug */ = {
			isa = XCBuildConfiguration;
			buildSettings = {
				ARCHS = "$(ARCHS_STANDARD_32_BIT)";
				"CODE_SIGN_IDENTITY[sdk=iphoneos*]" = "iPhone Developer";
				GCC_C_LANGUAGE_STANDARD = c99;
				GCC_PREPROCESSOR_DEFINITIONS = (
					DEBUG,
					ALMIXER_COMPILE_WITHOUT_SDL,
					ENABLE_ALMIXER_THREADS,
				);
				GCC_WARN_ABOUT_RETURN_TYPE = YES;
				GCC_WARN_UNUSED_VARIABLE = YES;
				HEADER_SEARCH_PATHS = /System/Library/Frameworks/OpenAL.framework/Headers;
				PREBINDING = NO;
				SDKROOT = iphoneos;
			};
			name = Debug;
		};
		C01FCF5008A954540054247B /* Release */ = {
			isa = XCBuildConfiguration;
			buildSettings = {
				ARCHS = "$(ARCHS_STANDARD_32_BIT)";
				"CODE_SIGN_IDENTITY[sdk=iphoneos*]" = "iPhone Developer";
				GCC_C_LANGUAGE_STANDARD = c99;
				GCC_PREPROCESSOR_DEFINITIONS = (
					ALMIXER_COMPILE_WITHOUT_SDL,
					ENABLE_ALMIXER_THREADS,
				);
				GCC_WARN_ABOUT_RETURN_TYPE = YES;
				GCC_WARN_UNUSED_VARIABLE = YES;
				HEADER_SEARCH_PATHS = /System/Library/Frameworks/OpenAL.framework/Headers;
				OTHER_CFLAGS = "-DNS_BLOCK_ASSERTIONS=1";
				PREBINDING = NO;
				SDKROOT = iphoneos;
			};
			name = Release;
		};
/* End XCBuildConfiguration section */

/* Begin XCConfigurationList section */
		1D6058960D05DD3E006BFB54 /* Build configuration list for PBXNativeTarget "OpenALStopStart" */ = {
			isa = XCConfigurationList;
			buildConfigurations = (
				1D6058940D05DD3E006BFB54 /* Debug */,
				1D6058950D05DD3E006BFB54 /* Release */,
			);
			defaultConfigurationIsVisible = 0;
			defaultConfigurationName = Release;
		};
		C01FCF4E08A954540054247B /* Build configuration list for PBXProject "OpenALStopStart" */ = {
			isa = XCConfigurationList;
			buildConfigurations = (
				C01FCF4F08A954540054247B /* Debug */,
				C01FCF5008A954540054247B /* Release */,
			);
			defaultConfigurationIsVisible = 0;
			defaultConfigurationName = Release;
		};
/* End XCConfigurationList section */
	};
	rootObject = 29B97313FDCFA39411CA2CEA /* Project object */;
}
